
Microsoft Visual Studio Solution File, Format Version 12.00
# Visual Studio Version 16
VisualStudioVersion = 16.0.29306.81
MinimumVisualStudioVersion = 10.0.40219.1
Project("{FAE04EC0-301F-11D3-BF4B-00C04F79EFBC}") = "MainCorreo", "frank.alejandro.2C\MainCorreo.csproj", "{33E6B45D-E82C-4C8C-9907-3988D01AE887}"
EndProject
Project("{FAE04EC0-301F-11D3-BF4B-00C04F79EFBC}") = "Entidades", "Entidades\Entidades.csproj", "{1C27F059-318A-4A6A-BD59-BE652824538C}"
EndProject
Project("{FAE04EC0-301F-11D3-BF4B-00C04F79EFBC}") = "UnitTestProject1", "UnitTestProject1\UnitTestProject1.csproj", "{572C0E9E-6594-43B7-B1DE-3B9B08070F42}"
EndProject
Global
	GlobalSection(SolutionConfigurationPlatforms) = preSolution
		Debug|Any CPU = Debug|Any CPU
		Release|Any CPU = Release|Any CPU
	EndGlobalSection
	GlobalSection(ProjectConfigurationPlatforms) = postSolution
		{33E6B45D-E82C-4C8C-9907-3988D01AE887}.Debug|Any CPU.ActiveCfg = Debug|Any CPU
		{33E6B45D-E82C-4C8C-9907-3988D01AE887}.Debug|Any CPU.Build.0 = Debug|Any CPU
		{33E6B45D-E82C-4C8C-9907-3988D01AE887}.Release|Any CPU.ActiveCfg = Release|Any CPU
		{33E6B45D-E82C-4C8C-9907-3988D01AE887}.Release|Any CPU.Build.0 = Release|Any CPU
		{1C27F059-318A-4A6A-BD59-BE652824538C}.Debug|Any CPU.ActiveCfg = Debug|Any CPU
		{1C27F059-318A-4A6A-BD59-BE652824538C}.Debug|Any CPU.Build.0 = Debug|Any CPU
		{1C27F059-318A-4A6A-BD59-BE652824538C}.Release|Any CPU.ActiveCfg = Release|Any CPU
		{1C27F059-318A-4A6A-BD59-BE652824538C}.Release|Any CPU.Build.0 = Release|Any CPU
		{572C0E9E-6594-43B7-B1DE-3B9B08070F42}.Debug|Any CPU.ActiveCfg = Debug|Any CPU
		{572C0E9E-6594-43B7-B1DE-3B9B08070F42}.Debug|Any CPU.Build.0 = Debug|Any CPU
		{572C0E9E-6594-43B7-B1DE-3B9B08070F42}.Release|Any CPU.ActiveCfg = Release|Any CPU
		{572C0E9E-6594-43B7-B1DE-3B9B08070F42}.Release|Any CPU.Build.0 = Release|Any CPU
	EndGlobalSection
	GlobalSection(SolutionProperties) = preSolution
		HideSolutionNode = FALSE
	EndGlobalSection
	GlobalSection(ExtensibilityGlobals) = postSolution
		SolutionGuid = {9D1F8BDC-1881-425F-AECC-2385F5B6F356}
	EndGlobalSection
EndGlobal
