
Microsoft Visual Studio Solution File, Format Version 12.00
# Visual Studio Version 16
VisualStudioVersion = 16.0.29306.81
MinimumVisualStudioVersion = 10.0.40219.1
Project("{FAE04EC0-301F-11D3-BF4B-00C04F79EFBC}") = "TP1", "TP1\TP1.csproj", "{C703143E-204A-4086-8599-C6E69E3399E0}"
EndProject
Project("{FAE04EC0-301F-11D3-BF4B-00C04F79EFBC}") = "Entidades", "Entidades\Entidades.csproj", "{B51F0012-BC7E-4C02-B39E-735260CC5170}"
EndProject
Project("{FAE04EC0-301F-11D3-BF4B-00C04F79EFBC}") = "MiCalculadora", "MiCalculadora\MiCalculadora.csproj", "{FF01D357-B8B2-4351-B17C-E2410B6B4761}"
EndProject
Global
	GlobalSection(SolutionConfigurationPlatforms) = preSolution
		Debug|Any CPU = Debug|Any CPU
		Release|Any CPU = Release|Any CPU
	EndGlobalSection
	GlobalSection(ProjectConfigurationPlatforms) = postSolution
		{C703143E-204A-4086-8599-C6E69E3399E0}.Debug|Any CPU.ActiveCfg = Debug|Any CPU
		{C703143E-204A-4086-8599-C6E69E3399E0}.Debug|Any CPU.Build.0 = Debug|Any CPU
		{C703143E-204A-4086-8599-C6E69E3399E0}.Release|Any CPU.ActiveCfg = Release|Any CPU
		{C703143E-204A-4086-8599-C6E69E3399E0}.Release|Any CPU.Build.0 = Release|Any CPU
		{B51F0012-BC7E-4C02-B39E-735260CC5170}.Debug|Any CPU.ActiveCfg = Debug|Any CPU
		{B51F0012-BC7E-4C02-B39E-735260CC5170}.Debug|Any CPU.Build.0 = Debug|Any CPU
		{B51F0012-BC7E-4C02-B39E-735260CC5170}.Release|Any CPU.ActiveCfg = Release|Any CPU
		{B51F0012-BC7E-4C02-B39E-735260CC5170}.Release|Any CPU.Build.0 = Release|Any CPU
		{FF01D357-B8B2-4351-B17C-E2410B6B4761}.Debug|Any CPU.ActiveCfg = Debug|Any CPU
		{FF01D357-B8B2-4351-B17C-E2410B6B4761}.Debug|Any CPU.Build.0 = Debug|Any CPU
		{FF01D357-B8B2-4351-B17C-E2410B6B4761}.Release|Any CPU.ActiveCfg = Release|Any CPU
		{FF01D357-B8B2-4351-B17C-E2410B6B4761}.Release|Any CPU.Build.0 = Release|Any CPU
	EndGlobalSection
	GlobalSection(SolutionProperties) = preSolution
		HideSolutionNode = FALSE
	EndGlobalSection
	GlobalSection(ExtensibilityGlobals) = postSolution
		SolutionGuid = {2098386C-0E03-4C93-BFB8-72C315D8A7E7}
	EndGlobalSection
EndGlobal
